
Microsoft Visual Studio Solution File, Format Version 12.00
# Visual Studio Version 16
VisualStudioVersion = 16.0.30503.244
MinimumVisualStudioVersion = 10.0.40219.1
Project("{FAE04EC0-301F-11D3-BF4B-00C04F79EFBC}") = "REVISAO_PROVA", "REVISAO_PROVA\REVISAO_PROVA.csproj", "{81345BCC-985B-47A4-9E5F-63E45B70F148}"
EndProject
Global
	GlobalSection(SolutionConfigurationPlatforms) = preSolution
		Debug|Any CPU = Debug|Any CPU
		Release|Any CPU = Release|Any CPU
	EndGlobalSection
	GlobalSection(ProjectConfigurationPlatforms) = postSolution
		{81345BCC-985B-47A4-9E5F-63E45B70F148}.Debug|Any CPU.ActiveCfg = Debug|Any CPU
		{81345BCC-985B-47A4-9E5F-63E45B70F148}.Debug|Any CPU.Build.0 = Debug|Any CPU
		{81345BCC-985B-47A4-9E5F-63E45B70F148}.Release|Any CPU.ActiveCfg = Release|Any CPU
		{81345BCC-985B-47A4-9E5F-63E45B70F148}.Release|Any CPU.Build.0 = Release|Any CPU
	EndGlobalSection
	GlobalSection(SolutionProperties) = preSolution
		HideSolutionNode = FALSE
	EndGlobalSection
	GlobalSection(ExtensibilityGlobals) = postSolution
		SolutionGuid = {3EE37409-4C01-46A0-805D-4B222DB6AEE8}
	EndGlobalSection
EndGlobal
